<?xml version="1.0" encoding="utf-8"?>
<Project ToolsVersion="4.0" xmlns="http://schemas.microsoft.com/developer/msbuild/2003">
  <ItemGroup>
    <ClCompile Include="DllMain.cpp" />
    <ClCompile Include="AutomataMod.cpp">
      <Filter>AutomataMod</Filter>
    </ClCompile>
    <ClCompile Include="ChipManager.cpp">
      <Filter>AutomataMod</Filter>
    </ClCompile>
    <ClCompile Include="InventoryManager.cpp">
      <Filter>AutomataMod</Filter>
    </ClCompile>
    <ClCompile Include="Util.cpp">
      <Filter>AutomataMod</Filter>
    </ClCompile>
    <ClCompile Include="Log.cpp">
      <Filter>AutomataMod</Filter>
    </ClCompile>
    <ClCompile Include="DLLHook.cpp">
      <Filter>Backend</Filter>
    </ClCompile>
    <ClCompile Include="iat.cpp">
      <Filter>Backend</Filter>
    </ClCompile>
    <ClCompile Include="SwapChainWrapper.cpp">
      <Filter>Backend\DirectX</Filter>
    </ClCompile>
    <ClCompile Include="FactoryWrapper.cpp">
      <Filter>Backend\DirectX</Filter>
    </ClCompile>
    <ClCompile Include="fmt\src\format.cc">
      <Filter>fmt</Filter>
    </ClCompile>
    <ClCompile Include="ModConfig.cpp">
      <Filter>AutomataMod</Filter>
    </ClCompile>
    <ClCompile Include="RefCounter.cpp">
      <Filter>Backend\DirectX</Filter>
    </ClCompile>
  </ItemGroup>
  <ItemGroup>
    <ClInclude Include="AutomataMod.hpp">
      <Filter>AutomataMod</Filter>
    </ClInclude>
    <ClInclude Include="ChipManager.hpp">
      <Filter>AutomataMod</Filter>
    </ClInclude>
    <ClInclude Include="InventoryManager.hpp">
      <Filter>AutomataMod</Filter>
    </ClInclude>
    <ClInclude Include="Util.hpp">
      <Filter>AutomataMod</Filter>
    </ClInclude>
    <ClInclude Include="Log.hpp">
      <Filter>AutomataMod</Filter>
    </ClInclude>
    <ClInclude Include="PointerIterator.hpp">
      <Filter>AutomataMod</Filter>
    </ClInclude>
    <ClInclude Include="DLLHook.hpp">
      <Filter>Backend</Filter>
    </ClInclude>
    <ClInclude Include="iat.hpp">
      <Filter>Backend</Filter>
    </ClInclude>
    <ClInclude Include="SwapChainWrapper.hpp">
      <Filter>Backend\DirectX</Filter>
    </ClInclude>
    <ClInclude Include="FactoryWrapper.hpp">
      <Filter>Backend\DirectX</Filter>
    </ClInclude>
    <ClInclude Include="ModConfig.hpp">
      <Filter>AutomataMod</Filter>
    </ClInclude>
    <ClInclude Include="RefCounter.hpp">
      <Filter>Backend\DirectX</Filter>
    </ClInclude>
  </ItemGroup>
  <ItemGroup>
    <None Include="xinput.def" />
  </ItemGroup>
  <ItemGroup>
    <Filter Include="AutomataMod">
      <UniqueIdentifier>{552bdf0f-f1ad-422e-a94e-d98e0d9e28a5}</UniqueIdentifier>
    </Filter>
    <Filter Include="Backend">
      <UniqueIdentifier>{90d1c64a-c365-40ec-8c3d-8b3e33dc86c5}</UniqueIdentifier>
    </Filter>
    <Filter Include="Backend\DirectX">
      <UniqueIdentifier>{8bda7084-c47f-4245-91ba-7caba4807bc9}</UniqueIdentifier>
    </Filter>
    <Filter Include="fmt">
      <UniqueIdentifier>{e1cac5ff-f93c-4adb-b49e-a5257302474e}</UniqueIdentifier>
    </Filter>
  </ItemGroup>
</Project>