<?xml version="1.0" encoding="utf-8"?>
<Project ToolsVersion="4.0" xmlns="http://schemas.microsoft.com/developer/msbuild/2003">
  <ItemGroup>
    <ClCompile Include="DLLMain.cpp" />
    <ClCompile Include="fmt\src\format.cc">
      <Filter>fmt</Filter>
    </ClCompile>
    <ClCompile Include="DLLHook.ixx">
      <Filter>Backend</Filter>
    </ClCompile>
    <ClCompile Include="Log.ixx">
      <Filter>AutomataMod</Filter>
    </ClCompile>
    <ClCompile Include="IAT.ixx">
      <Filter>Backend</Filter>
    </ClCompile>
    <ClCompile Include="FactoryWrapper.ixx">
      <Filter>Backend\DirectX</Filter>
    </ClCompile>
    <ClCompile Include="RefCounter.ixx">
      <Filter>Backend\DirectX</Filter>
    </ClCompile>
    <ClCompile Include="SwapChainWrapper.ixx">
      <Filter>Backend\DirectX</Filter>
    </ClCompile>
    <ClCompile Include="PointerIterator.ixx">
      <Filter>AutomataMod</Filter>
    </ClCompile>
    <ClCompile Include="ModConfig.ixx">
      <Filter>AutomataMod</Filter>
    </ClCompile>
    <ClCompile Include="Util.ixx">
      <Filter>AutomataMod</Filter>
    </ClCompile>
    <ClCompile Include="InventoryManager.ixx">
      <Filter>AutomataMod</Filter>
    </ClCompile>
    <ClCompile Include="ChipManager.ixx">
      <Filter>AutomataMod</Filter>
    </ClCompile>
    <ClCompile Include="AutomataMod.ixx">
      <Filter>AutomataMod</Filter>
    </ClCompile>
    <ClCompile Include="HashCheck.ixx">
      <Filter>AutomataMod</Filter>
    </ClCompile>
  </ItemGroup>
  <ItemGroup>
    <None Include="xinput.def" />
  </ItemGroup>
  <ItemGroup>
    <Filter Include="AutomataMod">
      <UniqueIdentifier>{552bdf0f-f1ad-422e-a94e-d98e0d9e28a5}</UniqueIdentifier>
    </Filter>
    <Filter Include="Backend">
      <UniqueIdentifier>{90d1c64a-c365-40ec-8c3d-8b3e33dc86c5}</UniqueIdentifier>
    </Filter>
    <Filter Include="Backend\DirectX">
      <UniqueIdentifier>{8bda7084-c47f-4245-91ba-7caba4807bc9}</UniqueIdentifier>
    </Filter>
    <Filter Include="fmt">
      <UniqueIdentifier>{e1cac5ff-f93c-4adb-b49e-a5257302474e}</UniqueIdentifier>
    </Filter>
  </ItemGroup>
</Project>